// !$*UTF8*$!
{
	archiveVersion = 1;
	classes = {
	};
	objectVersion = 46;
	objects = {

/* Begin PBXBuildFile section */
		F31DF23F1DF5CB2900F2776D /* AppDelegate.swift in Sources */ = {isa = PBXBuildFile; fileRef = F31DF23E1DF5CB2900F2776D /* AppDelegate.swift */; };
		F31DF2411DF5CB2900F2776D /* ViewController.swift in Sources */ = {isa = PBXBuildFile; fileRef = F31DF2401DF5CB2900F2776D /* ViewController.swift */; };
		F31DF2441DF5CB2900F2776D /* Main.storyboard in Resources */ = {isa = PBXBuildFile; fileRef = F31DF2421DF5CB2900F2776D /* Main.storyboard */; };
		F31DF2461DF5CB2900F2776D /* Assets.xcassets in Resources */ = {isa = PBXBuildFile; fileRef = F31DF2451DF5CB2900F2776D /* Assets.xcassets */; };
		F31DF2491DF5CB2900F2776D /* LaunchScreen.storyboard in Resources */ = {isa = PBXBuildFile; fileRef = F31DF2471DF5CB2900F2776D /* LaunchScreen.storyboard */; };
		F31DF2511DF5CB4400F2776D /* XLPageViewController.swift in Sources */ = {isa = PBXBuildFile; fileRef = F31DF2501DF5CB4400F2776D /* XLPageViewController.swift */; };
/* End PBXBuildFile section */

/* Begin PBXFileReference section */
		F31DF23B1DF5CB2900F2776D /* XLPageViewController.app */ = {isa = PBXFileReference; explicitFileType = wrapper.application; includeInIndex = 0; path = XLPageViewController.app; sourceTree = BUILT_PRODUCTS_DIR; };
		F31DF23E1DF5CB2900F2776D /* AppDelegate.swift */ = {isa = PBXFileReference; lastKnownFileType = sourcecode.swift; path = AppDelegate.swift; sourceTree = "<group>"; };
		F31DF2401DF5CB2900F2776D /* ViewController.swift */ = {isa = PBXFileReference; lastKnownFileType = sourcecode.swift; path = ViewController.swift; sourceTree = "<group>"; };
		F31DF2431DF5CB2900F2776D /* Base */ = {isa = PBXFileReference; lastKnownFileType = file.storyboard; name = Base; path = Base.lproj/Main.storyboard; sourceTree = "<group>"; };
		F31DF2451DF5CB2900F2776D /* Assets.xcassets */ = {isa = PBXFileReference; lastKnownFileType = folder.assetcatalog; path = Assets.xcassets; sourceTree = "<group>"; };
		F31DF2481DF5CB2900F2776D /* Base */ = {isa = PBXFileReference; lastKnownFileType = file.storyboard; name = Base; path = Base.lproj/LaunchScreen.storyboard; sourceTree = "<group>"; };
		F31DF24A1DF5CB2900F2776D /* Info.plist */ = {isa = PBXFileReference; lastKnownFileType = text.plist.xml; path = Info.plist; sourceTree = "<group>"; };
		F31DF2501DF5CB4400F2776D /* XLPageViewController.swift */ = {isa = PBXFileReference; fileEncoding = 4; lastKnownFileType = sourcecode.swift; path = XLPageViewController.swift; sourceTree = "<group>"; };
/* End PBXFileReference section */

/* Begin PBXFrameworksBuildPhase section */
		F31DF2381DF5CB2900F2776D /* Frameworks */ = {
			isa = PBXFrameworksBuildPhase;
			buildActionMask = 2147483647;
			files = (
			);
			runOnlyForDeploymentPostprocessing = 0;
		};
/* End PBXFrameworksBuildPhase section */

/* Begin PBXGroup section */
		F31DF2321DF5CB2900F2776D = {
			isa = PBXGroup;
			children = (
				F31DF23D1DF5CB2900F2776D /* XLPageViewController */,
				F31DF23C1DF5CB2900F2776D /* Products */,
			);
			sourceTree = "<group>";
		};
		F31DF23C1DF5CB2900F2776D /* Products */ = {
			isa = PBXGroup;
			children = (
				F31DF23B1DF5CB2900F2776D /* XLPageViewController.app */,
			);
			name = Products;
			sourceTree = "<group>";
		};
		F31DF23D1DF5CB2900F2776D /* XLPageViewController */ = {
			isa = PBXGroup;
			children = (
				F31DF23E1DF5CB2900F2776D /* AppDelegate.swift */,
				F31DF2401DF5CB2900F2776D /* ViewController.swift */,
				F31DF2501DF5CB4400F2776D /* XLPageViewController.swift */,
				F31DF2421DF5CB2900F2776D /* Main.storyboard */,
				F31DF2451DF5CB2900F2776D /* Assets.xcassets */,
				F31DF2471DF5CB2900F2776D /* LaunchScreen.storyboard */,
				F31DF24A1DF5CB2900F2776D /* Info.plist */,
			);
			path = XLPageViewController;
			sourceTree = "<group>";
		};
/* End PBXGroup section */

/* Begin PBXNativeTarget section */
		F31DF23A1DF5CB2900F2776D /* XLPageViewController */ = {
			isa = PBXNativeTarget;
			buildConfigurationList = F31DF24D1DF5CB2900F2776D /* Build configuration list for PBXNativeTarget "XLPageViewController" */;
			buildPhases = (
				F31DF2371DF5CB2900F2776D /* Sources */,
				F31DF2381DF5CB2900F2776D /* Frameworks */,
				F31DF2391DF5CB2900F2776D /* Resources */,
			);
			buildRules = (
			);
			dependencies = (
			);
			name = XLPageViewController;
			productName = XLPageViewController;
			productReference = F31DF23B1DF5CB2900F2776D /* XLPageViewController.app */;
			productType = "com.apple.product-type.application";
		};
/* End PBXNativeTarget section */

/* Begin PBXProject section */
		F31DF2331DF5CB2900F2776D /* Project object */ = {
			isa = PBXProject;
			attributes = {
				LastSwiftUpdateCheck = 0810;
				LastUpgradeCheck = 0810;
				ORGANIZATIONNAME = Dzhakipov;
				TargetAttributes = {
					F31DF23A1DF5CB2900F2776D = {
						CreatedOnToolsVersion = 8.1;
						DevelopmentTeam = C7HA5DBQDX;
						ProvisioningStyle = Automatic;
					};
				};
			};
			buildConfigurationList = F31DF2361DF5CB2900F2776D /* Build configuration list for PBXProject "XLPageViewController" */;
			compatibilityVersion = "Xcode 3.2";
			developmentRegion = English;
			hasScannedForEncodings = 0;
			knownRegions = (
				en,
				Base,
			);
			mainGroup = F31DF2321DF5CB2900F2776D;
			productRefGroup = F31DF23C1DF5CB2900F2776D /* Products */;
			projectDirPath = "";
			projectRoot = "";
			targets = (
				F31DF23A1DF5CB2900F2776D /* XLPageViewController */,
			);
		};
/* End PBXProject section */

/* Begin PBXResourcesBuildPhase section */
		F31DF2391DF5CB2900F2776D /* Resources */ = {
			isa = PBXResourcesBuildPhase;
			buildActionMask = 2147483647;
			files = (
				F31DF2491DF5CB2900F2776D /* LaunchScreen.storyboard in Resources */,
				F31DF2461DF5CB2900F2776D /* Assets.xcassets in Resources */,
				F31DF2441DF5CB2900F2776D /* Main.storyboard in Resources */,
			);
			runOnlyForDeploymentPostprocessing = 0;
		};
/* End PBXResourcesBuildPhase section */

/* Begin PBXSourcesBuildPhase section */
		F31DF2371DF5CB2900F2776D /* Sources */ = {
			isa = PBXSourcesBuildPhase;
			buildActionMask = 2147483647;
			files = (
				F31DF2411DF5CB2900F2776D /* ViewController.swift in Sources */,
				F31DF2511DF5CB4400F2776D /* XLPageViewController.swift in Sources */,
				F31DF23F1DF5CB2900F2776D /* AppDelegate.swift in Sources */,
			);
			runOnlyForDeploymentPostprocessing = 0;
		};
/* End PBXSourcesBuildPhase section */

/* Begin PBXVariantGroup section */
		F31DF2421DF5CB2900F2776D /* Main.storyboard */ = {
			isa = PBXVariantGroup;
			children = (
				F31DF2431DF5CB2900F2776D /* Base */,
			);
			name = Main.storyboard;
			sourceTree = "<group>";
		};
		F31DF2471DF5CB2900F2776D /* LaunchScreen.storyboard */ = {
			isa = PBXVariantGroup;
			children = (
				F31DF2481DF5CB2900F2776D /* Base */,
			);
			name = LaunchScreen.storyboard;
			sourceTree = "<group>";
		};
/* End PBXVariantGroup section */

/* Begin XCBuildConfiguration section */
		F31DF24B1DF5CB2900F2776D /* Debug */ = {
			isa = XCBuildConfiguration;
			buildSettings = {
				ALWAYS_SEARCH_USER_PATHS = NO;
				CLANG_ANALYZER_NONNULL = YES;
				CLANG_CXX_LANGUAGE_STANDARD = "gnu++0x";
				CLANG_CXX_LIBRARY = "libc++";
				CLANG_ENABLE_MODULES = YES;
				CLANG_ENABLE_OBJC_ARC = YES;
				CLANG_WARN_BOOL_CONVERSION = YES;
				CLANG_WARN_CONSTANT_CONVERSION = YES;
				CLANG_WARN_DIRECT_OBJC_ISA_USAGE = YES_ERROR;
				CLANG_WARN_DOCUMENTATION_COMMENTS = YES;
				CLANG_WARN_EMPTY_BODY = YES;
				CLANG_WARN_ENUM_CONVERSION = YES;
				CLANG_WARN_INFINITE_RECURSION = YES;
				CLANG_WARN_INT_CONVERSION = YES;
				CLANG_WARN_OBJC_ROOT_CLASS = YES_ERROR;
				CLANG_WARN_SUSPICIOUS_MOVES = YES;
				CLANG_WARN_UNREACHABLE_CODE = YES;
				CLANG_WARN__DUPLICATE_METHOD_MATCH = YES;
				"CODE_SIGN_IDENTITY[sdk=iphoneos*]" = "iPhone Developer";
				COPY_PHASE_STRIP = NO;
				DEBUG_INFORMATION_FORMAT = dwarf;
				ENABLE_STRICT_OBJC_MSGSEND = YES;
				ENABLE_TESTABILITY = YES;
				GCC_C_LANGUAGE_STANDARD = gnu99;
				GCC_DYNAMIC_NO_PIC = NO;
				GCC_NO_COMMON_BLOCKS = YES;
				GCC_OPTIMIZATION_LEVEL = 0;
				GCC_PREPROCESSOR_DEFINITIONS = (
					"DEBUG=1",
					"$(inherited)",
				);
				GCC_WARN_64_TO_32_BIT_CONVERSION = YES;
				GCC_WARN_ABOUT_RETURN_TYPE = YES_ERROR;
				GCC_WARN_UNDECLARED_SELECTOR = YES;
				GCC_WARN_UNINITIALIZED_AUTOS = YES_AGGRESSIVE;
				GCC_WARN_UNUSED_FUNCTION = YES;
				GCC_WARN_UNUSED_VARIABLE = YES;
				IPHONEOS_DEPLOYMENT_TARGET = 10.1;
				MTL_ENABLE_DEBUG_INFO = YES;
				ONLY_ACTIVE_ARCH = YES;
				SDKROOT = iphoneos;
				SWIFT_ACTIVE_COMPILATION_CONDITIONS = DEBUG;
				SWIFT_OPTIMIZATION_LEVEL = "-Onone";
			};
			name = Debug;
		};
		F31DF24C1DF5CB2900F2776D /* Release */ = {
			isa = XCBuildConfiguration;
			buildSettings = {
				ALWAYS_SEARCH_USER_PATHS = NO;
				CLANG_ANALYZER_NONNULL = YES;
				CLANG_CXX_LANGUAGE_STANDARD = "gnu++0x";
				CLANG_CXX_LIBRARY = "libc++";
				CLANG_ENABLE_MODULES = YES;
				CLANG_ENABLE_OBJC_ARC = YES;
				CLANG_WARN_BOOL_CONVERSION = YES;
				CLANG_WARN_CONSTANT_CONVERSION = YES;
				CLANG_WARN_DIRECT_OBJC_ISA_USAGE = YES_ERROR;
				CLANG_WARN_DOCUMENTATION_COMMENTS = YES;
				CLANG_WARN_EMPTY_BODY = YES;
				CLANG_WARN_ENUM_CONVERSION = YES;
				CLANG_WARN_INFINITE_RECURSION = YES;
				CLANG_WARN_INT_CONVERSION = YES;
				CLANG_WARN_OBJC_ROOT_CLASS = YES_ERROR;
				CLANG_WARN_SUSPICIOUS_MOVES = YES;
				CLANG_WARN_UNREACHABLE_CODE = YES;
				CLANG_WARN__DUPLICATE_METHOD_MATCH = YES;
				"CODE_SIGN_IDENTITY[sdk=iphoneos*]" = "iPhone Developer";
				COPY_PHASE_STRIP = NO;
				DEBUG_INFORMATION_FORMAT = "dwarf-with-dsym";
				ENABLE_NS_ASSERTIONS = NO;
				ENABLE_STRICT_OBJC_MSGSEND = YES;
				GCC_C_LANGUAGE_STANDARD = gnu99;
				GCC_NO_COMMON_BLOCKS = YES;
				GCC_WARN_64_TO_32_BIT_CONVERSION = YES;
				GCC_WARN_ABOUT_RETURN_TYPE = YES_ERROR;
				GCC_WARN_UNDECLARED_SELECTOR = YES;
				GCC_WARN_UNINITIALIZED_AUTOS = YES_AGGRESSIVE;
				GCC_WARN_UNUSED_FUNCTION = YES;
				GCC_WARN_UNUSED_VARIABLE = YES;
				IPHONEOS_DEPLOYMENT_TARGET = 10.1;
				MTL_ENABLE_DEBUG_INFO = NO;
				SDKROOT = iphoneos;
				SWIFT_OPTIMIZATION_LEVEL = "-Owholemodule";
				VALIDATE_PRODUCT = YES;
			};
			name = Release;
		};
		F31DF24E1DF5CB2900F2776D /* Debug */ = {
			isa = XCBuildConfiguration;
			buildSettings = {
				ASSETCATALOG_COMPILER_APPICON_NAME = AppIcon;
				DEVELOPMENT_TEAM = C7HA5DBQDX;
				INFOPLIST_FILE = XLPageViewController/Info.plist;
				LD_RUNPATH_SEARCH_PATHS = "$(inherited) @executable_path/Frameworks";
				PRODUCT_BUNDLE_IDENTIFIER = com.dzhakipov.XLPageViewController;
				PRODUCT_NAME = "$(TARGET_NAME)";
				SWIFT_VERSION = 3.0;
			};
			name = Debug;
		};
		F31DF24F1DF5CB2900F2776D /* Release */ = {
			isa = XCBuildConfiguration;
			buildSettings = {
				ASSETCATALOG_COMPILER_APPICON_NAME = AppIcon;
				DEVELOPMENT_TEAM = C7HA5DBQDX;
				INFOPLIST_FILE = XLPageViewController/Info.plist;
				LD_RUNPATH_SEARCH_PATHS = "$(inherited) @executable_path/Frameworks";
				PRODUCT_BUNDLE_IDENTIFIER = com.dzhakipov.XLPageViewController;
				PRODUCT_NAME = "$(TARGET_NAME)";
				SWIFT_VERSION = 3.0;
			};
			name = Release;
		};
/* End XCBuildConfiguration section */

/* Begin XCConfigurationList section */
		F31DF2361DF5CB2900F2776D /* Build configuration list for PBXProject "XLPageViewController" */ = {
			isa = XCConfigurationList;
			buildConfigurations = (
				F31DF24B1DF5CB2900F2776D /* Debug */,
				F31DF24C1DF5CB2900F2776D /* Release */,
			);
			defaultConfigurationIsVisible = 0;
			defaultConfigurationName = Release;
		};
		F31DF24D1DF5CB2900F2776D /* Build configuration list for PBXNativeTarget "XLPageViewController" */ = {
			isa = XCConfigurationList;
			buildConfigurations = (
				F31DF24E1DF5CB2900F2776D /* Debug */,
				F31DF24F1DF5CB2900F2776D /* Release */,
			);
			defaultConfigurationIsVisible = 0;
		};
/* End XCConfigurationList section */
	};
	rootObject = F31DF2331DF5CB2900F2776D /* Project object */;
}
